// !$*UTF8*$!
{
	archiveVersion = 1;
	classes = {
	};
	objectVersion = 50;
	objects = {

/* Begin PBXBuildFile section */
		26C3697B22F43B5200FC622B /* AppDelegate.swift in Sources */ = {isa = PBXBuildFile; fileRef = 26C3697A22F43B5200FC622B /* AppDelegate.swift */; };
		26C3697D22F43B5200FC622B /* ViewController.swift in Sources */ = {isa = PBXBuildFile; fileRef = 26C3697C22F43B5200FC622B /* ViewController.swift */; };
		26C3698022F43B5200FC622B /* Main.storyboard in Resources */ = {isa = PBXBuildFile; fileRef = 26C3697E22F43B5200FC622B /* Main.storyboard */; };
		26C3698222F43B5700FC622B /* Assets.xcassets in Resources */ = {isa = PBXBuildFile; fileRef = 26C3698122F43B5700FC622B /* Assets.xcassets */; };
		26C3698522F43B5700FC622B /* LaunchScreen.storyboard in Resources */ = {isa = PBXBuildFile; fileRef = 26C3698322F43B5700FC622B /* LaunchScreen.storyboard */; };
		26C3699022F43B5800FC622B /* TTTTests.swift in Sources */ = {isa = PBXBuildFile; fileRef = 26C3698F22F43B5800FC622B /* TTTTests.swift */; };
		26C3699B22F43B5800FC622B /* TTTUITests.swift in Sources */ = {isa = PBXBuildFile; fileRef = 26C3699A22F43B5800FC622B /* TTTUITests.swift */; };
		26C369A922F548F000FC622B /* OneViewController.swift in Sources */ = {isa = PBXBuildFile; fileRef = 26C369A822F548F000FC622B /* OneViewController.swift */; };
		26C369AB22F5509A00FC622B /* NSString+Helper.swift in Sources */ = {isa = PBXBuildFile; fileRef = 26C369AA22F5509A00FC622B /* NSString+Helper.swift */; };
/* End PBXBuildFile section */

/* Begin PBXContainerItemProxy section */
		26C3698C22F43B5800FC622B /* PBXContainerItemProxy */ = {
			isa = PBXContainerItemProxy;
			containerPortal = 26C3696F22F43B5200FC622B /* Project object */;
			proxyType = 1;
			remoteGlobalIDString = 26C3697622F43B5200FC622B;
			remoteInfo = TTT;
		};
		26C3699722F43B5800FC622B /* PBXContainerItemProxy */ = {
			isa = PBXContainerItemProxy;
			containerPortal = 26C3696F22F43B5200FC622B /* Project object */;
			proxyType = 1;
			remoteGlobalIDString = 26C3697622F43B5200FC622B;
			remoteInfo = TTT;
		};
/* End PBXContainerItemProxy section */

/* Begin PBXFileReference section */
		26C3697722F43B5200FC622B /* TTT.app */ = {isa = PBXFileReference; explicitFileType = wrapper.application; includeInIndex = 0; path = TTT.app; sourceTree = BUILT_PRODUCTS_DIR; };
		26C3697A22F43B5200FC622B /* AppDelegate.swift */ = {isa = PBXFileReference; lastKnownFileType = sourcecode.swift; path = AppDelegate.swift; sourceTree = "<group>"; };
		26C3697C22F43B5200FC622B /* ViewController.swift */ = {isa = PBXFileReference; lastKnownFileType = sourcecode.swift; path = ViewController.swift; sourceTree = "<group>"; };
		26C3697F22F43B5200FC622B /* Base */ = {isa = PBXFileReference; lastKnownFileType = file.storyboard; name = Base; path = Base.lproj/Main.storyboard; sourceTree = "<group>"; };
		26C3698122F43B5700FC622B /* Assets.xcassets */ = {isa = PBXFileReference; lastKnownFileType = folder.assetcatalog; path = Assets.xcassets; sourceTree = "<group>"; };
		26C3698422F43B5700FC622B /* Base */ = {isa = PBXFileReference; lastKnownFileType = file.storyboard; name = Base; path = Base.lproj/LaunchScreen.storyboard; sourceTree = "<group>"; };
		26C3698622F43B5700FC622B /* Info.plist */ = {isa = PBXFileReference; lastKnownFileType = text.plist.xml; path = Info.plist; sourceTree = "<group>"; };
		26C3698B22F43B5800FC622B /* TTTTests.xctest */ = {isa = PBXFileReference; explicitFileType = wrapper.cfbundle; includeInIndex = 0; path = TTTTests.xctest; sourceTree = BUILT_PRODUCTS_DIR; };
		26C3698F22F43B5800FC622B /* TTTTests.swift */ = {isa = PBXFileReference; lastKnownFileType = sourcecode.swift; path = TTTTests.swift; sourceTree = "<group>"; };
		26C3699122F43B5800FC622B /* Info.plist */ = {isa = PBXFileReference; lastKnownFileType = text.plist.xml; path = Info.plist; sourceTree = "<group>"; };
		26C3699622F43B5800FC622B /* TTTUITests.xctest */ = {isa = PBXFileReference; explicitFileType = wrapper.cfbundle; includeInIndex = 0; path = TTTUITests.xctest; sourceTree = BUILT_PRODUCTS_DIR; };
		26C3699A22F43B5800FC622B /* TTTUITests.swift */ = {isa = PBXFileReference; lastKnownFileType = sourcecode.swift; path = TTTUITests.swift; sourceTree = "<group>"; };
		26C3699C22F43B5800FC622B /* Info.plist */ = {isa = PBXFileReference; lastKnownFileType = text.plist.xml; path = Info.plist; sourceTree = "<group>"; };
		26C369A822F548F000FC622B /* OneViewController.swift */ = {isa = PBXFileReference; lastKnownFileType = sourcecode.swift; path = OneViewController.swift; sourceTree = "<group>"; };
		26C369AA22F5509A00FC622B /* NSString+Helper.swift */ = {isa = PBXFileReference; lastKnownFileType = sourcecode.swift; path = "NSString+Helper.swift"; sourceTree = "<group>"; };
/* End PBXFileReference section */

/* Begin PBXFrameworksBuildPhase section */
		26C3697422F43B5200FC622B /* Frameworks */ = {
			isa = PBXFrameworksBuildPhase;
			buildActionMask = 2147483647;
			files = (
			);
			runOnlyForDeploymentPostprocessing = 0;
		};
		26C3698822F43B5800FC622B /* Frameworks */ = {
			isa = PBXFrameworksBuildPhase;
			buildActionMask = 2147483647;
			files = (
			);
			runOnlyForDeploymentPostprocessing = 0;
		};
		26C3699322F43B5800FC622B /* Frameworks */ = {
			isa = PBXFrameworksBuildPhase;
			buildActionMask = 2147483647;
			files = (
			);
			runOnlyForDeploymentPostprocessing = 0;
		};
/* End PBXFrameworksBuildPhase section */

/* Begin PBXGroup section */
		26C3696E22F43B5200FC622B = {
			isa = PBXGroup;
			children = (
				26C3697922F43B5200FC622B /* TTT */,
				26C3698E22F43B5800FC622B /* TTTTests */,
				26C3699922F43B5800FC622B /* TTTUITests */,
				26C3697822F43B5200FC622B /* Products */,
			);
			sourceTree = "<group>";
		};
		26C3697822F43B5200FC622B /* Products */ = {
			isa = PBXGroup;
			children = (
				26C3697722F43B5200FC622B /* TTT.app */,
				26C3698B22F43B5800FC622B /* TTTTests.xctest */,
				26C3699622F43B5800FC622B /* TTTUITests.xctest */,
			);
			name = Products;
			sourceTree = "<group>";
		};
		26C3697922F43B5200FC622B /* TTT */ = {
			isa = PBXGroup;
			children = (
				26C3697A22F43B5200FC622B /* AppDelegate.swift */,
				26C3697C22F43B5200FC622B /* ViewController.swift */,
				26C369A822F548F000FC622B /* OneViewController.swift */,
				26C369AA22F5509A00FC622B /* NSString+Helper.swift */,
				26C3697E22F43B5200FC622B /* Main.storyboard */,
				26C3698122F43B5700FC622B /* Assets.xcassets */,
				26C3698322F43B5700FC622B /* LaunchScreen.storyboard */,
				26C3698622F43B5700FC622B /* Info.plist */,
			);
			path = TTT;
			sourceTree = "<group>";
		};
		26C3698E22F43B5800FC622B /* TTTTests */ = {
			isa = PBXGroup;
			children = (
				26C3698F22F43B5800FC622B /* TTTTests.swift */,
				26C3699122F43B5800FC622B /* Info.plist */,
			);
			path = TTTTests;
			sourceTree = "<group>";
		};
		26C3699922F43B5800FC622B /* TTTUITests */ = {
			isa = PBXGroup;
			children = (
				26C3699A22F43B5800FC622B /* TTTUITests.swift */,
				26C3699C22F43B5800FC622B /* Info.plist */,
			);
			path = TTTUITests;
			sourceTree = "<group>";
		};
/* End PBXGroup section */

/* Begin PBXNativeTarget section */
		26C3697622F43B5200FC622B /* TTT */ = {
			isa = PBXNativeTarget;
			buildConfigurationList = 26C3699F22F43B5800FC622B /* Build configuration list for PBXNativeTarget "TTT" */;
			buildPhases = (
				26C3697322F43B5200FC622B /* Sources */,
				26C3697422F43B5200FC622B /* Frameworks */,
				26C3697522F43B5200FC622B /* Resources */,
			);
			buildRules = (
			);
			dependencies = (
			);
			name = TTT;
			productName = TTT;
			productReference = 26C3697722F43B5200FC622B /* TTT.app */;
			productType = "com.apple.product-type.application";
		};
		26C3698A22F43B5800FC622B /* TTTTests */ = {
			isa = PBXNativeTarget;
			buildConfigurationList = 26C369A222F43B5800FC622B /* Build configuration list for PBXNativeTarget "TTTTests" */;
			buildPhases = (
				26C3698722F43B5800FC622B /* Sources */,
				26C3698822F43B5800FC622B /* Frameworks */,
				26C3698922F43B5800FC622B /* Resources */,
			);
			buildRules = (
			);
			dependencies = (
				26C3698D22F43B5800FC622B /* PBXTargetDependency */,
			);
			name = TTTTests;
			productName = TTTTests;
			productReference = 26C3698B22F43B5800FC622B /* TTTTests.xctest */;
			productType = "com.apple.product-type.bundle.unit-test";
		};
		26C3699522F43B5800FC622B /* TTTUITests */ = {
			isa = PBXNativeTarget;
			buildConfigurationList = 26C369A522F43B5800FC622B /* Build configuration list for PBXNativeTarget "TTTUITests" */;
			buildPhases = (
				26C3699222F43B5800FC622B /* Sources */,
				26C3699322F43B5800FC622B /* Frameworks */,
				26C3699422F43B5800FC622B /* Resources */,
			);
			buildRules = (
			);
			dependencies = (
				26C3699822F43B5800FC622B /* PBXTargetDependency */,
			);
			name = TTTUITests;
			productName = TTTUITests;
			productReference = 26C3699622F43B5800FC622B /* TTTUITests.xctest */;
			productType = "com.apple.product-type.bundle.ui-testing";
		};
/* End PBXNativeTarget section */

/* Begin PBXProject section */
		26C3696F22F43B5200FC622B /* Project object */ = {
			isa = PBXProject;
			attributes = {
				LastSwiftUpdateCheck = 1020;
				LastUpgradeCheck = 1020;
				ORGANIZATIONNAME = zhouyantong;
				TargetAttributes = {
					26C3697622F43B5200FC622B = {
						CreatedOnToolsVersion = 10.2.1;
					};
					26C3698A22F43B5800FC622B = {
						CreatedOnToolsVersion = 10.2.1;
						TestTargetID = 26C3697622F43B5200FC622B;
					};
					26C3699522F43B5800FC622B = {
						CreatedOnToolsVersion = 10.2.1;
						TestTargetID = 26C3697622F43B5200FC622B;
					};
				};
			};
			buildConfigurationList = 26C3697222F43B5200FC622B /* Build configuration list for PBXProject "TTT" */;
			compatibilityVersion = "Xcode 9.3";
			developmentRegion = en;
			hasScannedForEncodings = 0;
			knownRegions = (
				en,
				Base,
			);
			mainGroup = 26C3696E22F43B5200FC622B;
			productRefGroup = 26C3697822F43B5200FC622B /* Products */;
			projectDirPath = "";
			projectRoot = "";
			targets = (
				26C3697622F43B5200FC622B /* TTT */,
				26C3698A22F43B5800FC622B /* TTTTests */,
				26C3699522F43B5800FC622B /* TTTUITests */,
			);
		};
/* End PBXProject section */

/* Begin PBXResourcesBuildPhase section */
		26C3697522F43B5200FC622B /* Resources */ = {
			isa = PBXResourcesBuildPhase;
			buildActionMask = 2147483647;
			files = (
				26C3698522F43B5700FC622B /* LaunchScreen.storyboard in Resources */,
				26C3698222F43B5700FC622B /* Assets.xcassets in Resources */,
				26C3698022F43B5200FC622B /* Main.storyboard in Resources */,
			);
			runOnlyForDeploymentPostprocessing = 0;
		};
		26C3698922F43B5800FC622B /* Resources */ = {
			isa = PBXResourcesBuildPhase;
			buildActionMask = 2147483647;
			files = (
			);
			runOnlyForDeploymentPostprocessing = 0;
		};
		26C3699422F43B5800FC622B /* Resources */ = {
			isa = PBXResourcesBuildPhase;
			buildActionMask = 2147483647;
			files = (
			);
			runOnlyForDeploymentPostprocessing = 0;
		};
/* End PBXResourcesBuildPhase section */

/* Begin PBXSourcesBuildPhase section */
		26C3697322F43B5200FC622B /* Sources */ = {
			isa = PBXSourcesBuildPhase;
			buildActionMask = 2147483647;
			files = (
				26C369A922F548F000FC622B /* OneViewController.swift in Sources */,
				26C3697D22F43B5200FC622B /* ViewController.swift in Sources */,
				26C3697B22F43B5200FC622B /* AppDelegate.swift in Sources */,
				26C369AB22F5509A00FC622B /* NSString+Helper.swift in Sources */,
			);
			runOnlyForDeploymentPostprocessing = 0;
		};
		26C3698722F43B5800FC622B /* Sources */ = {
			isa = PBXSourcesBuildPhase;
			buildActionMask = 2147483647;
			files = (
				26C3699022F43B5800FC622B /* TTTTests.swift in Sources */,
			);
			runOnlyForDeploymentPostprocessing = 0;
		};
		26C3699222F43B5800FC622B /* Sources */ = {
			isa = PBXSourcesBuildPhase;
			buildActionMask = 2147483647;
			files = (
				26C3699B22F43B5800FC622B /* TTTUITests.swift in Sources */,
			);
			runOnlyForDeploymentPostprocessing = 0;
		};
/* End PBXSourcesBuildPhase section */

/* Begin PBXTargetDependency section */
		26C3698D22F43B5800FC622B /* PBXTargetDependency */ = {
			isa = PBXTargetDependency;
			target = 26C3697622F43B5200FC622B /* TTT */;
			targetProxy = 26C3698C22F43B5800FC622B /* PBXContainerItemProxy */;
		};
		26C3699822F43B5800FC622B /* PBXTargetDependency */ = {
			isa = PBXTargetDependency;
			target = 26C3697622F43B5200FC622B /* TTT */;
			targetProxy = 26C3699722F43B5800FC622B /* PBXContainerItemProxy */;
		};
/* End PBXTargetDependency section */

/* Begin PBXVariantGroup section */
		26C3697E22F43B5200FC622B /* Main.storyboard */ = {
			isa = PBXVariantGroup;
			children = (
				26C3697F22F43B5200FC622B /* Base */,
			);
			name = Main.storyboard;
			sourceTree = "<group>";
		};
		26C3698322F43B5700FC622B /* LaunchScreen.storyboard */ = {
			isa = PBXVariantGroup;
			children = (
				26C3698422F43B5700FC622B /* Base */,
			);
			name = LaunchScreen.storyboard;
			sourceTree = "<group>";
		};
/* End PBXVariantGroup section */

/* Begin XCBuildConfiguration section */
		26C3699D22F43B5800FC622B /* Debug */ = {
			isa = XCBuildConfiguration;
			buildSettings = {
				ALWAYS_SEARCH_USER_PATHS = NO;
				CLANG_ANALYZER_NONNULL = YES;
				CLANG_ANALYZER_NUMBER_OBJECT_CONVERSION = YES_AGGRESSIVE;
				CLANG_CXX_LANGUAGE_STANDARD = "gnu++14";
				CLANG_CXX_LIBRARY = "libc++";
				CLANG_ENABLE_MODULES = YES;
				CLANG_ENABLE_OBJC_ARC = YES;
				CLANG_ENABLE_OBJC_WEAK = YES;
				CLANG_WARN_BLOCK_CAPTURE_AUTORELEASING = YES;
				CLANG_WARN_BOOL_CONVERSION = YES;
				CLANG_WARN_COMMA = YES;
				CLANG_WARN_CONSTANT_CONVERSION = YES;
				CLANG_WARN_DEPRECATED_OBJC_IMPLEMENTATIONS = YES;
				CLANG_WARN_DIRECT_OBJC_ISA_USAGE = YES_ERROR;
				CLANG_WARN_DOCUMENTATION_COMMENTS = YES;
				CLANG_WARN_EMPTY_BODY = YES;
				CLANG_WARN_ENUM_CONVERSION = YES;
				CLANG_WARN_INFINITE_RECURSION = YES;
				CLANG_WARN_INT_CONVERSION = YES;
				CLANG_WARN_NON_LITERAL_NULL_CONVERSION = YES;
				CLANG_WARN_OBJC_IMPLICIT_RETAIN_SELF = YES;
				CLANG_WARN_OBJC_LITERAL_CONVERSION = YES;
				CLANG_WARN_OBJC_ROOT_CLASS = YES_ERROR;
				CLANG_WARN_RANGE_LOOP_ANALYSIS = YES;
				CLANG_WARN_STRICT_PROTOTYPES = YES;
				CLANG_WARN_SUSPICIOUS_MOVE = YES;
				CLANG_WARN_UNGUARDED_AVAILABILITY = YES_AGGRESSIVE;
				CLANG_WARN_UNREACHABLE_CODE = YES;
				CLANG_WARN__DUPLICATE_METHOD_MATCH = YES;
				CODE_SIGN_IDENTITY = "iPhone Developer";
				COPY_PHASE_STRIP = NO;
				DEBUG_INFORMATION_FORMAT = dwarf;
				ENABLE_STRICT_OBJC_MSGSEND = YES;
				ENABLE_TESTABILITY = YES;
				GCC_C_LANGUAGE_STANDARD = gnu11;
				GCC_DYNAMIC_NO_PIC = NO;
				GCC_NO_COMMON_BLOCKS = YES;
				GCC_OPTIMIZATION_LEVEL = 0;
				GCC_PREPROCESSOR_DEFINITIONS = (
					"DEBUG=1",
					"$(inherited)",
				);
				GCC_WARN_64_TO_32_BIT_CONVERSION = YES;
				GCC_WARN_ABOUT_RETURN_TYPE = YES_ERROR;
				GCC_WARN_UNDECLARED_SELECTOR = YES;
				GCC_WARN_UNINITIALIZED_AUTOS = YES_AGGRESSIVE;
				GCC_WARN_UNUSED_FUNCTION = YES;
				GCC_WARN_UNUSED_VARIABLE = YES;
				IPHONEOS_DEPLOYMENT_TARGET = 12.2;
				MTL_ENABLE_DEBUG_INFO = INCLUDE_SOURCE;
				MTL_FAST_MATH = YES;
				ONLY_ACTIVE_ARCH = YES;
				SDKROOT = iphoneos;
				SWIFT_ACTIVE_COMPILATION_CONDITIONS = DEBUG;
				SWIFT_OPTIMIZATION_LEVEL = "-Onone";
			};
			name = Debug;
		};
		26C3699E22F43B5800FC622B /* Release */ = {
			isa = XCBuildConfiguration;
			buildSettings = {
				ALWAYS_SEARCH_USER_PATHS = NO;
				CLANG_ANALYZER_NONNULL = YES;
				CLANG_ANALYZER_NUMBER_OBJECT_CONVERSION = YES_AGGRESSIVE;
				CLANG_CXX_LANGUAGE_STANDARD = "gnu++14";
				CLANG_CXX_LIBRARY = "libc++";
				CLANG_ENABLE_MODULES = YES;
				CLANG_ENABLE_OBJC_ARC = YES;
				CLANG_ENABLE_OBJC_WEAK = YES;
				CLANG_WARN_BLOCK_CAPTURE_AUTORELEASING = YES;
				CLANG_WARN_BOOL_CONVERSION = YES;
				CLANG_WARN_COMMA = YES;
				CLANG_WARN_CONSTANT_CONVERSION = YES;
				CLANG_WARN_DEPRECATED_OBJC_IMPLEMENTATIONS = YES;
				CLANG_WARN_DIRECT_OBJC_ISA_USAGE = YES_ERROR;
				CLANG_WARN_DOCUMENTATION_COMMENTS = YES;
				CLANG_WARN_EMPTY_BODY = YES;
				CLANG_WARN_ENUM_CONVERSION = YES;
				CLANG_WARN_INFINITE_RECURSION = YES;
				CLANG_WARN_INT_CONVERSION = YES;
				CLANG_WARN_NON_LITERAL_NULL_CONVERSION = YES;
				CLANG_WARN_OBJC_IMPLICIT_RETAIN_SELF = YES;
				CLANG_WARN_OBJC_LITERAL_CONVERSION = YES;
				CLANG_WARN_OBJC_ROOT_CLASS = YES_ERROR;
				CLANG_WARN_RANGE_LOOP_ANALYSIS = YES;
				CLANG_WARN_STRICT_PROTOTYPES = YES;
				CLANG_WARN_SUSPICIOUS_MOVE = YES;
				CLANG_WARN_UNGUARDED_AVAILABILITY = YES_AGGRESSIVE;
				CLANG_WARN_UNREACHABLE_CODE = YES;
				CLANG_WARN__DUPLICATE_METHOD_MATCH = YES;
				CODE_SIGN_IDENTITY = "iPhone Developer";
				COPY_PHASE_STRIP = NO;
				DEBUG_INFORMATION_FORMAT = "dwarf-with-dsym";
				ENABLE_NS_ASSERTIONS = NO;
				ENABLE_STRICT_OBJC_MSGSEND = YES;
				GCC_C_LANGUAGE_STANDARD = gnu11;
				GCC_NO_COMMON_BLOCKS = YES;
				GCC_WARN_64_TO_32_BIT_CONVERSION = YES;
				GCC_WARN_ABOUT_RETURN_TYPE = YES_ERROR;
				GCC_WARN_UNDECLARED_SELECTOR = YES;
				GCC_WARN_UNINITIALIZED_AUTOS = YES_AGGRESSIVE;
				GCC_WARN_UNUSED_FUNCTION = YES;
				GCC_WARN_UNUSED_VARIABLE = YES;
				IPHONEOS_DEPLOYMENT_TARGET = 12.2;
				MTL_ENABLE_DEBUG_INFO = NO;
				MTL_FAST_MATH = YES;
				SDKROOT = iphoneos;
				SWIFT_COMPILATION_MODE = wholemodule;
				SWIFT_OPTIMIZATION_LEVEL = "-O";
				VALIDATE_PRODUCT = YES;
			};
			name = Release;
		};
		26C369A022F43B5800FC622B /* Debug */ = {
			isa = XCBuildConfiguration;
			buildSettings = {
				ASSETCATALOG_COMPILER_APPICON_NAME = AppIcon;
				CODE_SIGN_STYLE = Manual;
				DEVELOPMENT_TEAM = R33482C953;
				INFOPLIST_FILE = TTT/Info.plist;
				IPHONEOS_DEPLOYMENT_TARGET = 8.0;
				LD_RUNPATH_SEARCH_PATHS = (
					"$(inherited)",
					"@executable_path/Frameworks",
				);
				PRODUCT_BUNDLE_IDENTIFIER = com.autohome.new;
				PRODUCT_NAME = "$(TARGET_NAME)";
				PROVISIONING_PROFILE_SPECIFIER = AutohomeNew_dev_profile;
				SWIFT_VERSION = 5.0;
				TARGETED_DEVICE_FAMILY = "1,2";
			};
			name = Debug;
		};
		26C369A122F43B5800FC622B /* Release */ = {
			isa = XCBuildConfiguration;
			buildSettings = {
				ASSETCATALOG_COMPILER_APPICON_NAME = AppIcon;
				CODE_SIGN_STYLE = Manual;
				DEVELOPMENT_TEAM = R33482C953;
				INFOPLIST_FILE = TTT/Info.plist;
				IPHONEOS_DEPLOYMENT_TARGET = 8.0;
				LD_RUNPATH_SEARCH_PATHS = (
					"$(inherited)",
					"@executable_path/Frameworks",
				);
				PRODUCT_BUNDLE_IDENTIFIER = com.autohome.new;
				PRODUCT_NAME = "$(TARGET_NAME)";
				PROVISIONING_PROFILE_SPECIFIER = AutohomeNew_dev_profile;
				SWIFT_VERSION = 5.0;
				TARGETED_DEVICE_FAMILY = "1,2";
			};
			name = Release;
		};
		26C369A322F43B5800FC622B /* Debug */ = {
			isa = XCBuildConfiguration;
			buildSettings = {
				ALWAYS_EMBED_SWIFT_STANDARD_LIBRARIES = YES;
				BUNDLE_LOADER = "$(TEST_HOST)";
				CODE_SIGN_STYLE = Automatic;
				INFOPLIST_FILE = TTTTests/Info.plist;
				LD_RUNPATH_SEARCH_PATHS = (
					"$(inherited)",
					"@executable_path/Frameworks",
					"@loader_path/Frameworks",
				);
				PRODUCT_BUNDLE_IDENTIFIER = com.zhouyantong.test.TTTTests;
				PRODUCT_NAME = "$(TARGET_NAME)";
				SWIFT_VERSION = 5.0;
				TARGETED_DEVICE_FAMILY = "1,2";
				TEST_HOST = "$(BUILT_PRODUCTS_DIR)/TTT.app/TTT";
			};
			name = Debug;
		};
		26C369A422F43B5800FC622B /* Release */ = {
			isa = XCBuildConfiguration;
			buildSettings = {
				ALWAYS_EMBED_SWIFT_STANDARD_LIBRARIES = YES;
				BUNDLE_LOADER = "$(TEST_HOST)";
				CODE_SIGN_STYLE = Automatic;
				INFOPLIST_FILE = TTTTests/Info.plist;
				LD_RUNPATH_SEARCH_PATHS = (
					"$(inherited)",
					"@executable_path/Frameworks",
					"@loader_path/Frameworks",
				);
				PRODUCT_BUNDLE_IDENTIFIER = com.zhouyantong.test.TTTTests;
				PRODUCT_NAME = "$(TARGET_NAME)";
				SWIFT_VERSION = 5.0;
				TARGETED_DEVICE_FAMILY = "1,2";
				TEST_HOST = "$(BUILT_PRODUCTS_DIR)/TTT.app/TTT";
			};
			name = Release;
		};
		26C369A622F43B5800FC622B /* Debug */ = {
			isa = XCBuildConfiguration;
			buildSettings = {
				ALWAYS_EMBED_SWIFT_STANDARD_LIBRARIES = YES;
				CODE_SIGN_STYLE = Automatic;
				INFOPLIST_FILE = TTTUITests/Info.plist;
				LD_RUNPATH_SEARCH_PATHS = (
					"$(inherited)",
					"@executable_path/Frameworks",
					"@loader_path/Frameworks",
				);
				PRODUCT_BUNDLE_IDENTIFIER = com.zhouyantong.test.TTTUITests;
				PRODUCT_NAME = "$(TARGET_NAME)";
				SWIFT_VERSION = 5.0;
				TARGETED_DEVICE_FAMILY = "1,2";
				TEST_TARGET_NAME = TTT;
			};
			name = Debug;
		};
		26C369A722F43B5800FC622B /* Release */ = {
			isa = XCBuildConfiguration;
			buildSettings = {
				ALWAYS_EMBED_SWIFT_STANDARD_LIBRARIES = YES;
				CODE_SIGN_STYLE = Automatic;
				INFOPLIST_FILE = TTTUITests/Info.plist;
				LD_RUNPATH_SEARCH_PATHS = (
					"$(inherited)",
					"@executable_path/Frameworks",
					"@loader_path/Frameworks",
				);
				PRODUCT_BUNDLE_IDENTIFIER = com.zhouyantong.test.TTTUITests;
				PRODUCT_NAME = "$(TARGET_NAME)";
				SWIFT_VERSION = 5.0;
				TARGETED_DEVICE_FAMILY = "1,2";
				TEST_TARGET_NAME = TTT;
			};
			name = Release;
		};
/* End XCBuildConfiguration section */

/* Begin XCConfigurationList section */
		26C3697222F43B5200FC622B /* Build configuration list for PBXProject "TTT" */ = {
			isa = XCConfigurationList;
			buildConfigurations = (
				26C3699D22F43B5800FC622B /* Debug */,
				26C3699E22F43B5800FC622B /* Release */,
			);
			defaultConfigurationIsVisible = 0;
			defaultConfigurationName = Release;
		};
		26C3699F22F43B5800FC622B /* Build configuration list for PBXNativeTarget "TTT" */ = {
			isa = XCConfigurationList;
			buildConfigurations = (
				26C369A022F43B5800FC622B /* Debug */,
				26C369A122F43B5800FC622B /* Release */,
			);
			defaultConfigurationIsVisible = 0;
			defaultConfigurationName = Release;
		};
		26C369A222F43B5800FC622B /* Build configuration list for PBXNativeTarget "TTTTests" */ = {
			isa = XCConfigurationList;
			buildConfigurations = (
				26C369A322F43B5800FC622B /* Debug */,
				26C369A422F43B5800FC622B /* Release */,
			);
			defaultConfigurationIsVisible = 0;
			defaultConfigurationName = Release;
		};
		26C369A522F43B5800FC622B /* Build configuration list for PBXNativeTarget "TTTUITests" */ = {
			isa = XCConfigurationList;
			buildConfigurations = (
				26C369A622F43B5800FC622B /* Debug */,
				26C369A722F43B5800FC622B /* Release */,
			);
			defaultConfigurationIsVisible = 0;
			defaultConfigurationName = Release;
		};
/* End XCConfigurationList section */
	};
	rootObject = 26C3696F22F43B5200FC622B /* Project object */;
}
